{
  "projects": [
    {
      "projectId": "9Vr5YWkf3w7jj6SsTcCEta",
      "version": "0.13.0",
      "dependencies": {},
      "lang": "js",
      "fileLocks": [
        {
          "assetId": "9Vr5YWkf3w7jj6SsTcCEta",
          "type": "projectCss",
          "checksum": "1c02168c6b23256606111fdfdbb63549"
        }
      ],
      "codegenVersion": "0.0.1"
    },
    {
      "projectId": "jkU633o1Cz7HrJdwdxhVHk",
      "version": "16.13.0",
      "dependencies": {},
      "lang": "js",
      "fileLocks": [
        {
          "assetId": "jkU633o1Cz7HrJdwdxhVHk",
          "type": "projectCss",
          "checksum": "cf57d229ecea50678d9d8d3bc0e3dd9b"
        }
      ],
      "codegenVersion": "0.0.1"
    },
    {
      "projectId": "kS7YGZfVr6mU43XDQjXELc",
      "version": "0.18.0",
      "dependencies": {},
      "lang": "js",
      "fileLocks": [
        {
          "assetId": "kS7YGZfVr6mU43XDQjXELc",
          "type": "projectCss",
          "checksum": "1c02168c6b23256606111fdfdbb63549"
        }
      ],
      "codegenVersion": "0.0.1"
    },
    {
      "projectId": "ohDidvG9XsCeFumugENU3J",
      "version": "6.29.0",
      "dependencies": {},
      "lang": "js",
      "fileLocks": [
        {
          "assetId": "ohDidvG9XsCeFumugENU3J",
          "type": "projectCss",
          "checksum": "ba2a60a163fca4f4d510275088a2be53"
        },
        {
          "assetId": "ohDidvG9XsCeFumugENU3J",
          "checksum": "de0a0e65174a6a185a8f822af51c6bdd",
          "type": "globalContexts"
        }
      ],
      "codegenVersion": "0.0.1"
    },
    {
      "projectId": "9HkzKEQcvqFJBsyMm4sqF8",
      "version": "latest",
      "dependencies": {
        "ohDidvG9XsCeFumugENU3J": "6.29.0",
        "kS7YGZfVr6mU43XDQjXELc": "0.18.0",
        "jkU633o1Cz7HrJdwdxhVHk": "16.13.0",
        "9Vr5YWkf3w7jj6SsTcCEta": "0.13.0"
      },
      "lang": "js",
      "fileLocks": [
        {
          "type": "globalVariant",
          "assetId": "1f-0Fa4xENdl",
          "checksum": "adc83b8bbf98339a0ffbd8c3ea3304df"
        },
        {
          "assetId": "9HkzKEQcvqFJBsyMm4sqF8",
          "type": "projectCss",
          "checksum": "81c47c75b9cc2495752507e5008bd318"
        },
        {
          "assetId": "9HkzKEQcvqFJBsyMm4sqF8",
          "checksum": "81da6b6327dfe53dc6c97c43b4d9ebe8",
          "type": "globalContexts"
        },
        {
          "type": "renderModule",
          "assetId": "9rSF2J61afTp",
          "checksum": "f417ce3dabea77e74bdcce9b7991b06d"
        },
        {
          "type": "cssRules",
          "assetId": "9rSF2J61afTp",
          "checksum": "f417ce3dabea77e74bdcce9b7991b06d"
        },
        {
          "type": "renderModule",
          "assetId": "lPZBKXW2mQ_c",
          "checksum": "69dd7ddf590bae92c2ed172c8ee4166d"
        },
        {
          "type": "cssRules",
          "assetId": "lPZBKXW2mQ_c",
          "checksum": "69dd7ddf590bae92c2ed172c8ee4166d"
        },
        {
          "type": "renderModule",
          "assetId": "MnTBBmzAg7gy",
          "checksum": "e8d88d29617f5ed70cbf93459bd2fdd9"
        },
        {
          "type": "cssRules",
          "assetId": "MnTBBmzAg7gy",
          "checksum": "e8d88d29617f5ed70cbf93459bd2fdd9"
        },
        {
          "type": "renderModule",
          "assetId": "mYRwOb-WvhAp",
          "checksum": "ff668751bd9299f6253362cbb1000a28"
        },
        {
          "type": "cssRules",
          "assetId": "mYRwOb-WvhAp",
          "checksum": "ff668751bd9299f6253362cbb1000a28"
        },
        {
          "type": "renderModule",
          "assetId": "zZGps3RDKU3u",
          "checksum": "769c98050e0db767cc28bd0c8b7b3465"
        },
        {
          "type": "cssRules",
          "assetId": "zZGps3RDKU3u",
          "checksum": "769c98050e0db767cc28bd0c8b7b3465"
        },
        {
          "type": "renderModule",
          "assetId": "twxjpCMDGn6T",
          "checksum": "95628dbb7f6479c23a05b08323edd5fa"
        },
        {
          "type": "cssRules",
          "assetId": "twxjpCMDGn6T",
          "checksum": "95628dbb7f6479c23a05b08323edd5fa"
        },
        {
          "type": "renderModule",
          "assetId": "a97NtzfAWtRy",
          "checksum": "bb3ecc847e986d892cb155881871a652"
        },
        {
          "type": "cssRules",
          "assetId": "a97NtzfAWtRy",
          "checksum": "bb3ecc847e986d892cb155881871a652"
        },
        {
          "type": "renderModule",
          "assetId": "S4F2ZDcBjfw5",
          "checksum": "e795a74d6b9defbf27e7ef9cec94a832"
        },
        {
          "type": "cssRules",
          "assetId": "S4F2ZDcBjfw5",
          "checksum": "e795a74d6b9defbf27e7ef9cec94a832"
        },
        {
          "type": "renderModule",
          "assetId": "TOrr9v438cKZ",
          "checksum": "79bb832cc19d8fc2b56a3f06ee0aacd0"
        },
        {
          "type": "cssRules",
          "assetId": "TOrr9v438cKZ",
          "checksum": "79bb832cc19d8fc2b56a3f06ee0aacd0"
        },
        {
          "type": "renderModule",
          "assetId": "GjpzrJ9qMxqw",
          "checksum": "59b172595361237ac0d4f8fb66d858e8"
        },
        {
          "type": "cssRules",
          "assetId": "GjpzrJ9qMxqw",
          "checksum": "59b172595361237ac0d4f8fb66d858e8"
        },
        {
          "type": "renderModule",
          "assetId": "cZfaMzU5EgNe",
          "checksum": "69918ec6c62228151c7e938026d28c6a"
        },
        {
          "type": "cssRules",
          "assetId": "cZfaMzU5EgNe",
          "checksum": "69918ec6c62228151c7e938026d28c6a"
        },
        {
          "type": "renderModule",
          "assetId": "rkseNkAe3dY4",
          "checksum": "de64d3751184363cc40ff05c4e54861a"
        },
        {
          "type": "cssRules",
          "assetId": "rkseNkAe3dY4",
          "checksum": "de64d3751184363cc40ff05c4e54861a"
        },
        {
          "type": "renderModule",
          "assetId": "_y2lwrQrCylC",
          "checksum": "4427c3ceb8e10a019e59651603af2be6"
        },
        {
          "type": "cssRules",
          "assetId": "_y2lwrQrCylC",
          "checksum": "4427c3ceb8e10a019e59651603af2be6"
        },
        {
          "type": "icon",
          "assetId": "sPBYuF0UZrc8",
          "checksum": "688a3b7e0c2eb6b261d3d39d553907b8"
        },
        {
          "type": "icon",
          "assetId": "qsJcNWRyidc9",
          "checksum": "5488fc9a1ba5d2260ae4e9bcfd19ad71"
        },
        {
          "type": "icon",
          "assetId": "UDhNihZpI5hJ",
          "checksum": "f723ac849ee50dc2a1c4946db734ef45"
        },
        {
          "type": "icon",
          "assetId": "mcWtY7ziOFat",
          "checksum": "9750f48a8e8832a8a2e561c5d8bb183d"
        },
        {
          "type": "icon",
          "assetId": "aTgBmJibSpLi",
          "checksum": "8cfcb39f2438d12969246054b8fbfad0"
        },
        {
          "type": "icon",
          "assetId": "i3IhXhI0X483",
          "checksum": "a7209e95b19feb90dbab627d9a464ea5"
        },
        {
          "type": "icon",
          "assetId": "j65JUBmWU6D_",
          "checksum": "a1f9aee5cdc053c6223cd77451a680b8"
        },
        {
          "type": "icon",
          "assetId": "kQYcS2u0JDMz",
          "checksum": "e6d632e312a4795e6002ee569d7012b3"
        },
        {
          "type": "icon",
          "assetId": "cA1bwGMR9oK3",
          "checksum": "c839d8a68025bc10ec065e34c39cc7c1"
        },
        {
          "type": "image",
          "assetId": "lYjL8LuoiRKm",
          "checksum": "cbc388325c0f7a71e84395735b9204dc"
        }
      ],
      "codegenVersion": "0.0.1"
    }
  ],
  "cliVersion": "0.1.335"
}
